
Microsoft Visual Studio Solution File, Format Version 12.00
# Visual Studio Version 17
VisualStudioVersion = 17.13.35828.75 d17.13
MinimumVisualStudioVersion = 10.0.40219.1
Project("{FAE04EC0-301F-11D3-BF4B-00C04F79EFBC}") = "TelegramNasaBot", "TelegramNasaBot\TelegramNasaBot.csproj", "{38F245FC-DA27-465E-A437-988427132AEB}"
EndProject
Global
	GlobalSection(SolutionConfigurationPlatforms) = preSolution
		Debug|Any CPU = Debug|Any CPU
		Release|Any CPU = Release|Any CPU
	EndGlobalSection
	GlobalSection(ProjectConfigurationPlatforms) = postSolution
		{38F245FC-DA27-465E-A437-988427132AEB}.Debug|Any CPU.ActiveCfg = Debug|Any CPU
		{38F245FC-DA27-465E-A437-988427132AEB}.Debug|Any CPU.Build.0 = Debug|Any CPU
		{38F245FC-DA27-465E-A437-988427132AEB}.Release|Any CPU.ActiveCfg = Release|Any CPU
		{38F245FC-DA27-465E-A437-988427132AEB}.Release|Any CPU.Build.0 = Release|Any CPU
	EndGlobalSection
	GlobalSection(SolutionProperties) = preSolution
		HideSolutionNode = FALSE
	EndGlobalSection
	GlobalSection(ExtensibilityGlobals) = postSolution
		SolutionGuid = {4B581B75-1832-461E-B4D4-E3129CAB9B2B}
	EndGlobalSection
EndGlobal
